
Microsoft Visual Studio Solution File, Format Version 12.00
# Visual Studio Version 17
VisualStudioVersion = 17.3.32825.248
MinimumVisualStudioVersion = 10.0.40219.1
Project("{FAE04EC0-301F-11D3-BF4B-00C04F79EFBC}") = "LTW_NTTinh_2024802010018", "LTW_NTTinh_2024802010018\LTW_NTTinh_2024802010018.csproj", "{F3A5FE5C-0D46-4CF7-BCBA-06C740DE0419}"
EndProject
Global
	GlobalSection(SolutionConfigurationPlatforms) = preSolution
		Debug|Any CPU = Debug|Any CPU
		Release|Any CPU = Release|Any CPU
	EndGlobalSection
	GlobalSection(ProjectConfigurationPlatforms) = postSolution
		{F3A5FE5C-0D46-4CF7-BCBA-06C740DE0419}.Debug|Any CPU.ActiveCfg = Debug|Any CPU
		{F3A5FE5C-0D46-4CF7-BCBA-06C740DE0419}.Debug|Any CPU.Build.0 = Debug|Any CPU
		{F3A5FE5C-0D46-4CF7-BCBA-06C740DE0419}.Release|Any CPU.ActiveCfg = Release|Any CPU
		{F3A5FE5C-0D46-4CF7-BCBA-06C740DE0419}.Release|Any CPU.Build.0 = Release|Any CPU
	EndGlobalSection
	GlobalSection(SolutionProperties) = preSolution
		HideSolutionNode = FALSE
	EndGlobalSection
	GlobalSection(ExtensibilityGlobals) = postSolution
		SolutionGuid = {8AF35A7B-4B35-4B71-81AC-99A9862E9D64}
	EndGlobalSection
EndGlobal
